// !$*UTF8*$!
{
	archiveVersion = 1;
	classes = {
	};
	objectVersion = 46;
	objects = {

/* Begin PBXBuildFile section */
		932CA97F1E040DF9004BB23E /* AppDelegate.swift in Sources */ = {isa = PBXBuildFile; fileRef = 932CA97E1E040DF9004BB23E /* AppDelegate.swift */; };
		932CA9811E040DF9004BB23E /* ViewController.swift in Sources */ = {isa = PBXBuildFile; fileRef = 932CA9801E040DF9004BB23E /* ViewController.swift */; };
		932CA9841E040DF9004BB23E /* Main.storyboard in Resources */ = {isa = PBXBuildFile; fileRef = 932CA9821E040DF9004BB23E /* Main.storyboard */; };
		932CA9861E040DF9004BB23E /* Assets.xcassets in Resources */ = {isa = PBXBuildFile; fileRef = 932CA9851E040DF9004BB23E /* Assets.xcassets */; };
		932CA9891E040DF9004BB23E /* LaunchScreen.storyboard in Resources */ = {isa = PBXBuildFile; fileRef = 932CA9871E040DF9004BB23E /* LaunchScreen.storyboard */; };
		9338EE4A1E041FFB00A0A5DF /* CircleButton.swift in Sources */ = {isa = PBXBuildFile; fileRef = 9338EE491E041FFB00A0A5DF /* CircleButton.swift */; };
		9338EE4C1E04277300A0A5DF /* test.m4a in Resources */ = {isa = PBXBuildFile; fileRef = 9338EE4B1E04277300A0A5DF /* test.m4a */; };
/* End PBXBuildFile section */

/* Begin PBXFileReference section */
		932CA97B1E040DF9004BB23E /* Scribe.app */ = {isa = PBXFileReference; explicitFileType = wrapper.application; includeInIndex = 0; path = Scribe.app; sourceTree = BUILT_PRODUCTS_DIR; };
		932CA97E1E040DF9004BB23E /* AppDelegate.swift */ = {isa = PBXFileReference; lastKnownFileType = sourcecode.swift; path = AppDelegate.swift; sourceTree = "<group>"; };
		932CA9801E040DF9004BB23E /* ViewController.swift */ = {isa = PBXFileReference; lastKnownFileType = sourcecode.swift; path = ViewController.swift; sourceTree = "<group>"; };
		932CA9831E040DF9004BB23E /* Base */ = {isa = PBXFileReference; lastKnownFileType = file.storyboard; name = Base; path = Base.lproj/Main.storyboard; sourceTree = "<group>"; };
		932CA9851E040DF9004BB23E /* Assets.xcassets */ = {isa = PBXFileReference; lastKnownFileType = folder.assetcatalog; path = Assets.xcassets; sourceTree = "<group>"; };
		932CA9881E040DF9004BB23E /* Base */ = {isa = PBXFileReference; lastKnownFileType = file.storyboard; name = Base; path = Base.lproj/LaunchScreen.storyboard; sourceTree = "<group>"; };
		932CA98A1E040DF9004BB23E /* Info.plist */ = {isa = PBXFileReference; lastKnownFileType = text.plist.xml; path = Info.plist; sourceTree = "<group>"; };
		9338EE491E041FFB00A0A5DF /* CircleButton.swift */ = {isa = PBXFileReference; fileEncoding = 4; lastKnownFileType = sourcecode.swift; path = CircleButton.swift; sourceTree = "<group>"; };
		9338EE4B1E04277300A0A5DF /* test.m4a */ = {isa = PBXFileReference; lastKnownFileType = file; path = test.m4a; sourceTree = "<group>"; };
/* End PBXFileReference section */

/* Begin PBXFrameworksBuildPhase section */
		932CA9781E040DF9004BB23E /* Frameworks */ = {
			isa = PBXFrameworksBuildPhase;
			buildActionMask = 2147483647;
			files = (
			);
			runOnlyForDeploymentPostprocessing = 0;
		};
/* End PBXFrameworksBuildPhase section */

/* Begin PBXGroup section */
		932CA9721E040DF8004BB23E = {
			isa = PBXGroup;
			children = (
				932CA97D1E040DF9004BB23E /* Scribe */,
				932CA97C1E040DF9004BB23E /* Products */,
			);
			sourceTree = "<group>";
		};
		932CA97C1E040DF9004BB23E /* Products */ = {
			isa = PBXGroup;
			children = (
				932CA97B1E040DF9004BB23E /* Scribe.app */,
			);
			name = Products;
			sourceTree = "<group>";
		};
		932CA97D1E040DF9004BB23E /* Scribe */ = {
			isa = PBXGroup;
			children = (
				9338EE451E041F3800A0A5DF /* Model */,
				9338EE461E041F4700A0A5DF /* View */,
				9338EE471E041F5500A0A5DF /* Controller */,
				9338EE481E041F8000A0A5DF /* Resources */,
			);
			path = Scribe;
			sourceTree = "<group>";
		};
		9338EE451E041F3800A0A5DF /* Model */ = {
			isa = PBXGroup;
			children = (
			);
			name = Model;
			sourceTree = "<group>";
		};
		9338EE461E041F4700A0A5DF /* View */ = {
			isa = PBXGroup;
			children = (
				932CA9871E040DF9004BB23E /* LaunchScreen.storyboard */,
				932CA9821E040DF9004BB23E /* Main.storyboard */,
				9338EE491E041FFB00A0A5DF /* CircleButton.swift */,
			);
			name = View;
			sourceTree = "<group>";
		};
		9338EE471E041F5500A0A5DF /* Controller */ = {
			isa = PBXGroup;
			children = (
				932CA97E1E040DF9004BB23E /* AppDelegate.swift */,
				932CA9801E040DF9004BB23E /* ViewController.swift */,
			);
			name = Controller;
			sourceTree = "<group>";
		};
		9338EE481E041F8000A0A5DF /* Resources */ = {
			isa = PBXGroup;
			children = (
				932CA9851E040DF9004BB23E /* Assets.xcassets */,
				932CA98A1E040DF9004BB23E /* Info.plist */,
				9338EE4B1E04277300A0A5DF /* test.m4a */,
			);
			name = Resources;
			sourceTree = "<group>";
		};
/* End PBXGroup section */

/* Begin PBXNativeTarget section */
		932CA97A1E040DF9004BB23E /* Scribe */ = {
			isa = PBXNativeTarget;
			buildConfigurationList = 932CA98D1E040DF9004BB23E /* Build configuration list for PBXNativeTarget "Scribe" */;
			buildPhases = (
				932CA9771E040DF9004BB23E /* Sources */,
				932CA9781E040DF9004BB23E /* Frameworks */,
				932CA9791E040DF9004BB23E /* Resources */,
			);
			buildRules = (
			);
			dependencies = (
			);
			name = Scribe;
			productName = Scribe;
			productReference = 932CA97B1E040DF9004BB23E /* Scribe.app */;
			productType = "com.apple.product-type.application";
		};
/* End PBXNativeTarget section */

/* Begin PBXProject section */
		932CA9731E040DF9004BB23E /* Project object */ = {
			isa = PBXProject;
			attributes = {
				LastSwiftUpdateCheck = 0820;
				LastUpgradeCheck = 0820;
				ORGANIZATIONNAME = MarcBits;
				TargetAttributes = {
					932CA97A1E040DF9004BB23E = {
						CreatedOnToolsVersion = 8.2;
						ProvisioningStyle = Automatic;
					};
				};
			};
			buildConfigurationList = 932CA9761E040DF9004BB23E /* Build configuration list for PBXProject "Scribe" */;
			compatibilityVersion = "Xcode 3.2";
			developmentRegion = English;
			hasScannedForEncodings = 0;
			knownRegions = (
				en,
				Base,
			);
			mainGroup = 932CA9721E040DF8004BB23E;
			productRefGroup = 932CA97C1E040DF9004BB23E /* Products */;
			projectDirPath = "";
			projectRoot = "";
			targets = (
				932CA97A1E040DF9004BB23E /* Scribe */,
			);
		};
/* End PBXProject section */

/* Begin PBXResourcesBuildPhase section */
		932CA9791E040DF9004BB23E /* Resources */ = {
			isa = PBXResourcesBuildPhase;
			buildActionMask = 2147483647;
			files = (
				9338EE4C1E04277300A0A5DF /* test.m4a in Resources */,
				932CA9891E040DF9004BB23E /* LaunchScreen.storyboard in Resources */,
				932CA9861E040DF9004BB23E /* Assets.xcassets in Resources */,
				932CA9841E040DF9004BB23E /* Main.storyboard in Resources */,
			);
			runOnlyForDeploymentPostprocessing = 0;
		};
/* End PBXResourcesBuildPhase section */

/* Begin PBXSourcesBuildPhase section */
		932CA9771E040DF9004BB23E /* Sources */ = {
			isa = PBXSourcesBuildPhase;
			buildActionMask = 2147483647;
			files = (
				9338EE4A1E041FFB00A0A5DF /* CircleButton.swift in Sources */,
				932CA9811E040DF9004BB23E /* ViewController.swift in Sources */,
				932CA97F1E040DF9004BB23E /* AppDelegate.swift in Sources */,
			);
			runOnlyForDeploymentPostprocessing = 0;
		};
/* End PBXSourcesBuildPhase section */

/* Begin PBXVariantGroup section */
		932CA9821E040DF9004BB23E /* Main.storyboard */ = {
			isa = PBXVariantGroup;
			children = (
				932CA9831E040DF9004BB23E /* Base */,
			);
			name = Main.storyboard;
			sourceTree = "<group>";
		};
		932CA9871E040DF9004BB23E /* LaunchScreen.storyboard */ = {
			isa = PBXVariantGroup;
			children = (
				932CA9881E040DF9004BB23E /* Base */,
			);
			name = LaunchScreen.storyboard;
			sourceTree = "<group>";
		};
/* End PBXVariantGroup section */

/* Begin XCBuildConfiguration section */
		932CA98B1E040DF9004BB23E /* Debug */ = {
			isa = XCBuildConfiguration;
			buildSettings = {
				ALWAYS_SEARCH_USER_PATHS = NO;
				CLANG_ANALYZER_NONNULL = YES;
				CLANG_CXX_LANGUAGE_STANDARD = "gnu++0x";
				CLANG_CXX_LIBRARY = "libc++";
				CLANG_ENABLE_MODULES = YES;
				CLANG_ENABLE_OBJC_ARC = YES;
				CLANG_WARN_BOOL_CONVERSION = YES;
				CLANG_WARN_CONSTANT_CONVERSION = YES;
				CLANG_WARN_DIRECT_OBJC_ISA_USAGE = YES_ERROR;
				CLANG_WARN_DOCUMENTATION_COMMENTS = YES;
				CLANG_WARN_EMPTY_BODY = YES;
				CLANG_WARN_ENUM_CONVERSION = YES;
				CLANG_WARN_INFINITE_RECURSION = YES;
				CLANG_WARN_INT_CONVERSION = YES;
				CLANG_WARN_OBJC_ROOT_CLASS = YES_ERROR;
				CLANG_WARN_SUSPICIOUS_MOVE = YES;
				CLANG_WARN_UNREACHABLE_CODE = YES;
				CLANG_WARN__DUPLICATE_METHOD_MATCH = YES;
				"CODE_SIGN_IDENTITY[sdk=iphoneos*]" = "iPhone Developer";
				COPY_PHASE_STRIP = NO;
				DEBUG_INFORMATION_FORMAT = dwarf;
				ENABLE_STRICT_OBJC_MSGSEND = YES;
				ENABLE_TESTABILITY = YES;
				GCC_C_LANGUAGE_STANDARD = gnu99;
				GCC_DYNAMIC_NO_PIC = NO;
				GCC_NO_COMMON_BLOCKS = YES;
				GCC_OPTIMIZATION_LEVEL = 0;
				GCC_PREPROCESSOR_DEFINITIONS = (
					"DEBUG=1",
					"$(inherited)",
				);
				GCC_WARN_64_TO_32_BIT_CONVERSION = YES;
				GCC_WARN_ABOUT_RETURN_TYPE = YES_ERROR;
				GCC_WARN_UNDECLARED_SELECTOR = YES;
				GCC_WARN_UNINITIALIZED_AUTOS = YES_AGGRESSIVE;
				GCC_WARN_UNUSED_FUNCTION = YES;
				GCC_WARN_UNUSED_VARIABLE = YES;
				IPHONEOS_DEPLOYMENT_TARGET = 10.2;
				MTL_ENABLE_DEBUG_INFO = YES;
				ONLY_ACTIVE_ARCH = YES;
				SDKROOT = iphoneos;
				SWIFT_ACTIVE_COMPILATION_CONDITIONS = DEBUG;
				SWIFT_OPTIMIZATION_LEVEL = "-Onone";
			};
			name = Debug;
		};
		932CA98C1E040DF9004BB23E /* Release */ = {
			isa = XCBuildConfiguration;
			buildSettings = {
				ALWAYS_SEARCH_USER_PATHS = NO;
				CLANG_ANALYZER_NONNULL = YES;
				CLANG_CXX_LANGUAGE_STANDARD = "gnu++0x";
				CLANG_CXX_LIBRARY = "libc++";
				CLANG_ENABLE_MODULES = YES;
				CLANG_ENABLE_OBJC_ARC = YES;
				CLANG_WARN_BOOL_CONVERSION = YES;
				CLANG_WARN_CONSTANT_CONVERSION = YES;
				CLANG_WARN_DIRECT_OBJC_ISA_USAGE = YES_ERROR;
				CLANG_WARN_DOCUMENTATION_COMMENTS = YES;
				CLANG_WARN_EMPTY_BODY = YES;
				CLANG_WARN_ENUM_CONVERSION = YES;
				CLANG_WARN_INFINITE_RECURSION = YES;
				CLANG_WARN_INT_CONVERSION = YES;
				CLANG_WARN_OBJC_ROOT_CLASS = YES_ERROR;
				CLANG_WARN_SUSPICIOUS_MOVE = YES;
				CLANG_WARN_UNREACHABLE_CODE = YES;
				CLANG_WARN__DUPLICATE_METHOD_MATCH = YES;
				"CODE_SIGN_IDENTITY[sdk=iphoneos*]" = "iPhone Developer";
				COPY_PHASE_STRIP = NO;
				DEBUG_INFORMATION_FORMAT = "dwarf-with-dsym";
				ENABLE_NS_ASSERTIONS = NO;
				ENABLE_STRICT_OBJC_MSGSEND = YES;
				GCC_C_LANGUAGE_STANDARD = gnu99;
				GCC_NO_COMMON_BLOCKS = YES;
				GCC_WARN_64_TO_32_BIT_CONVERSION = YES;
				GCC_WARN_ABOUT_RETURN_TYPE = YES_ERROR;
				GCC_WARN_UNDECLARED_SELECTOR = YES;
				GCC_WARN_UNINITIALIZED_AUTOS = YES_AGGRESSIVE;
				GCC_WARN_UNUSED_FUNCTION = YES;
				GCC_WARN_UNUSED_VARIABLE = YES;
				IPHONEOS_DEPLOYMENT_TARGET = 10.2;
				MTL_ENABLE_DEBUG_INFO = NO;
				SDKROOT = iphoneos;
				SWIFT_OPTIMIZATION_LEVEL = "-Owholemodule";
				VALIDATE_PRODUCT = YES;
			};
			name = Release;
		};
		932CA98E1E040DF9004BB23E /* Debug */ = {
			isa = XCBuildConfiguration;
			buildSettings = {
				ASSETCATALOG_COMPILER_APPICON_NAME = AppIcon;
				INFOPLIST_FILE = Scribe/Info.plist;
				LD_RUNPATH_SEARCH_PATHS = "$(inherited) @executable_path/Frameworks";
				PRODUCT_BUNDLE_IDENTIFIER = com.marcbits.Scribe;
				PRODUCT_NAME = "$(TARGET_NAME)";
				SWIFT_VERSION = 3.0;
			};
			name = Debug;
		};
		932CA98F1E040DF9004BB23E /* Release */ = {
			isa = XCBuildConfiguration;
			buildSettings = {
				ASSETCATALOG_COMPILER_APPICON_NAME = AppIcon;
				INFOPLIST_FILE = Scribe/Info.plist;
				LD_RUNPATH_SEARCH_PATHS = "$(inherited) @executable_path/Frameworks";
				PRODUCT_BUNDLE_IDENTIFIER = com.marcbits.Scribe;
				PRODUCT_NAME = "$(TARGET_NAME)";
				SWIFT_VERSION = 3.0;
			};
			name = Release;
		};
/* End XCBuildConfiguration section */

/* Begin XCConfigurationList section */
		932CA9761E040DF9004BB23E /* Build configuration list for PBXProject "Scribe" */ = {
			isa = XCConfigurationList;
			buildConfigurations = (
				932CA98B1E040DF9004BB23E /* Debug */,
				932CA98C1E040DF9004BB23E /* Release */,
			);
			defaultConfigurationIsVisible = 0;
			defaultConfigurationName = Release;
		};
		932CA98D1E040DF9004BB23E /* Build configuration list for PBXNativeTarget "Scribe" */ = {
			isa = XCConfigurationList;
			buildConfigurations = (
				932CA98E1E040DF9004BB23E /* Debug */,
				932CA98F1E040DF9004BB23E /* Release */,
			);
			defaultConfigurationIsVisible = 0;
			defaultConfigurationName = Release;
		};
/* End XCConfigurationList section */
	};
	rootObject = 932CA9731E040DF9004BB23E /* Project object */;
}
